
Microsoft Visual Studio Solution File, Format Version 12.00
# Visual Studio Version 17
VisualStudioVersion = 17.5.33424.131
MinimumVisualStudioVersion = 10.0.40219.1
Project("{2150E333-8FDC-42A3-9474-1A3956D46DE8}") = "Core", "Core", "{89D526A3-C57A-4E3E-B8D2-C278342FF0BA}"
EndProject
Project("{FAE04EC0-301F-11D3-BF4B-00C04F79EFBC}") = "TAO.Domain", "Core\TAO.Domain\TAO.Domain.csproj", "{58BDD360-C4E0-42C7-A5E2-324FB7E19464}"
EndProject
Project("{FAE04EC0-301F-11D3-BF4B-00C04F79EFBC}") = "TAO.Application", "Core\TAO.Application\TAO.Application.csproj", "{26719FCC-26B4-4565-968B-42C935009DF3}"
EndProject
Project("{2150E333-8FDC-42A3-9474-1A3956D46DE8}") = "Infrastructure", "Infrastructure", "{01F257B0-8DCD-4CA7-A3A9-B966F6F88A17}"
EndProject
Project("{FAE04EC0-301F-11D3-BF4B-00C04F79EFBC}") = "TAO.Infrastructure", "Infrastructure\TAO.Infrastructure\TAO.Infrastructure.csproj", "{D066993B-256E-4ADD-AB59-DD3764BD8595}"
EndProject
Project("{FAE04EC0-301F-11D3-BF4B-00C04F79EFBC}") = "TAO.Persistence", "Infrastructure\TAO.Persistence\TAO.Persistence.csproj", "{B8FBF0C8-65B9-4FB6-9558-4626889BB41E}"
EndProject
Project("{2150E333-8FDC-42A3-9474-1A3956D46DE8}") = "Presentation", "Presentation", "{D0BA301A-16AD-4632-8B0F-C857F3A7FE89}"
EndProject
Project("{FAE04EC0-301F-11D3-BF4B-00C04F79EFBC}") = "TAO.Api", "Presentation\TAO.Api\TAO.Api.csproj", "{FAA40F5F-876C-43BF-B506-35981C2EB6D1}"
EndProject
Global
	GlobalSection(SolutionConfigurationPlatforms) = preSolution
		Debug|Any CPU = Debug|Any CPU
		Release|Any CPU = Release|Any CPU
	EndGlobalSection
	GlobalSection(ProjectConfigurationPlatforms) = postSolution
		{58BDD360-C4E0-42C7-A5E2-324FB7E19464}.Debug|Any CPU.ActiveCfg = Debug|Any CPU
		{58BDD360-C4E0-42C7-A5E2-324FB7E19464}.Debug|Any CPU.Build.0 = Debug|Any CPU
		{58BDD360-C4E0-42C7-A5E2-324FB7E19464}.Release|Any CPU.ActiveCfg = Release|Any CPU
		{58BDD360-C4E0-42C7-A5E2-324FB7E19464}.Release|Any CPU.Build.0 = Release|Any CPU
		{26719FCC-26B4-4565-968B-42C935009DF3}.Debug|Any CPU.ActiveCfg = Debug|Any CPU
		{26719FCC-26B4-4565-968B-42C935009DF3}.Debug|Any CPU.Build.0 = Debug|Any CPU
		{26719FCC-26B4-4565-968B-42C935009DF3}.Release|Any CPU.ActiveCfg = Release|Any CPU
		{26719FCC-26B4-4565-968B-42C935009DF3}.Release|Any CPU.Build.0 = Release|Any CPU
		{D066993B-256E-4ADD-AB59-DD3764BD8595}.Debug|Any CPU.ActiveCfg = Debug|Any CPU
		{D066993B-256E-4ADD-AB59-DD3764BD8595}.Debug|Any CPU.Build.0 = Debug|Any CPU
		{D066993B-256E-4ADD-AB59-DD3764BD8595}.Release|Any CPU.ActiveCfg = Release|Any CPU
		{D066993B-256E-4ADD-AB59-DD3764BD8595}.Release|Any CPU.Build.0 = Release|Any CPU
		{B8FBF0C8-65B9-4FB6-9558-4626889BB41E}.Debug|Any CPU.ActiveCfg = Debug|Any CPU
		{B8FBF0C8-65B9-4FB6-9558-4626889BB41E}.Debug|Any CPU.Build.0 = Debug|Any CPU
		{B8FBF0C8-65B9-4FB6-9558-4626889BB41E}.Release|Any CPU.ActiveCfg = Release|Any CPU
		{B8FBF0C8-65B9-4FB6-9558-4626889BB41E}.Release|Any CPU.Build.0 = Release|Any CPU
		{FAA40F5F-876C-43BF-B506-35981C2EB6D1}.Debug|Any CPU.ActiveCfg = Debug|Any CPU
		{FAA40F5F-876C-43BF-B506-35981C2EB6D1}.Debug|Any CPU.Build.0 = Debug|Any CPU
		{FAA40F5F-876C-43BF-B506-35981C2EB6D1}.Release|Any CPU.ActiveCfg = Release|Any CPU
		{FAA40F5F-876C-43BF-B506-35981C2EB6D1}.Release|Any CPU.Build.0 = Release|Any CPU
	EndGlobalSection
	GlobalSection(SolutionProperties) = preSolution
		HideSolutionNode = FALSE
	EndGlobalSection
	GlobalSection(NestedProjects) = preSolution
		{58BDD360-C4E0-42C7-A5E2-324FB7E19464} = {89D526A3-C57A-4E3E-B8D2-C278342FF0BA}
		{26719FCC-26B4-4565-968B-42C935009DF3} = {89D526A3-C57A-4E3E-B8D2-C278342FF0BA}
		{D066993B-256E-4ADD-AB59-DD3764BD8595} = {01F257B0-8DCD-4CA7-A3A9-B966F6F88A17}
		{B8FBF0C8-65B9-4FB6-9558-4626889BB41E} = {01F257B0-8DCD-4CA7-A3A9-B966F6F88A17}
		{FAA40F5F-876C-43BF-B506-35981C2EB6D1} = {D0BA301A-16AD-4632-8B0F-C857F3A7FE89}
	EndGlobalSection
	GlobalSection(ExtensibilityGlobals) = postSolution
		SolutionGuid = {F06972A6-80B2-424E-A2EC-39B34846B34C}
	EndGlobalSection
EndGlobal
